dependencies:
- name: admiral-controller
  repository: https://charts.admiral.io
  version: 0.1.0
- name: admiral-worker
  repository: https://charts.admiral.io
  version: 0.1.0
- name: admiral-server
  repository: https://charts.admiral.io
  version: 0.1.0
- name: keycloak
  repository: https://charts.bitnami.com/bitnami
  version: 24.8.1
- name: temporal
  repository: https://temporalio.github.io/helm-charts
  version: 0.64.0
- name: postgresql
  repository: https://charts.bitnami.com/bitnami
  version: 16.7.21
- name: minio
  repository: https://charts.bitnami.com/bitnami
  version: 17.0.16
digest: sha256:02988b8e20e1d8bfd695c59804ed07bdd04658c49601ddc3ca3fdd34f94f6753
generated: "2025-07-30T18:09:27.809838-04:00"
